
Microsoft Visual Studio Solution File, Format Version 12.00
# Visual Studio Version 17
VisualStudioVersion = 17.14.36310.24
MinimumVisualStudioVersion = 10.0.40219.1
Project("{FAE04EC0-301F-11D3-BF4B-00C04F79EFBC}") = "Education", "Education.csproj", "{4108EEA2-DC82-41EB-B4F9-31D2712CEB62}"
EndProject
Project("{FAE04EC0-301F-11D3-BF4B-00C04F79EFBC}") = "1.16.SocketServer", "..\CSharp2ClientServer-main\1.16.SocketServer\1.16.SocketServer.csproj", "{F7F7B611-F8D1-0D83-A042-6A602AC0F9FE}"
EndProject
Project("{FAE04EC0-301F-11D3-BF4B-00C04F79EFBC}") = "1.16.SocketClientMT", "..\CSharp2ClientServer-main\1.16.SocketClientMT\1.16.SocketClientMT.csproj", "{B90E8586-3C56-AC10-D323-1AB8639AB238}"
EndProject
Project("{FAE04EC0-301F-11D3-BF4B-00C04F79EFBC}") = "1.18.BinrayBalancedTree", "..\CSharp2ClientServer-main\1.18.BinrayBalancedTree\1.18.BinrayBalancedTree.csproj", "{662870A3-607B-486D-F481-4A500B26BADB}"
EndProject
Project("{FAE04EC0-301F-11D3-BF4B-00C04F79EFBC}") = "1.20.Integral", "..\CSharp2ClientServer-main\1.20.Integral\1.20.Integral.csproj", "{414D87AC-0E48-763C-3EB7-92020B81BE87}"
EndProject
Project("{FAE04EC0-301F-11D3-BF4B-00C04F79EFBC}") = "2.1.EFCConnect", "..\CSharp2ClientServer-main\2.1.EFCConnect\2.1.EFCConnect.csproj", "{B7985D20-D245-C1E9-CA8C-0659D7104E06}"
EndProject
Global
	GlobalSection(SolutionConfigurationPlatforms) = preSolution
		Debug|Any CPU = Debug|Any CPU
		Release|Any CPU = Release|Any CPU
	EndGlobalSection
	GlobalSection(ProjectConfigurationPlatforms) = postSolution
		{4108EEA2-DC82-41EB-B4F9-31D2712CEB62}.Debug|Any CPU.ActiveCfg = Debug|Any CPU
		{4108EEA2-DC82-41EB-B4F9-31D2712CEB62}.Debug|Any CPU.Build.0 = Debug|Any CPU
		{4108EEA2-DC82-41EB-B4F9-31D2712CEB62}.Release|Any CPU.ActiveCfg = Release|Any CPU
		{4108EEA2-DC82-41EB-B4F9-31D2712CEB62}.Release|Any CPU.Build.0 = Release|Any CPU
		{F7F7B611-F8D1-0D83-A042-6A602AC0F9FE}.Debug|Any CPU.ActiveCfg = Debug|Any CPU
		{F7F7B611-F8D1-0D83-A042-6A602AC0F9FE}.Debug|Any CPU.Build.0 = Debug|Any CPU
		{F7F7B611-F8D1-0D83-A042-6A602AC0F9FE}.Release|Any CPU.ActiveCfg = Release|Any CPU
		{F7F7B611-F8D1-0D83-A042-6A602AC0F9FE}.Release|Any CPU.Build.0 = Release|Any CPU
		{B90E8586-3C56-AC10-D323-1AB8639AB238}.Debug|Any CPU.ActiveCfg = Debug|Any CPU
		{B90E8586-3C56-AC10-D323-1AB8639AB238}.Debug|Any CPU.Build.0 = Debug|Any CPU
		{B90E8586-3C56-AC10-D323-1AB8639AB238}.Release|Any CPU.ActiveCfg = Release|Any CPU
		{B90E8586-3C56-AC10-D323-1AB8639AB238}.Release|Any CPU.Build.0 = Release|Any CPU
		{662870A3-607B-486D-F481-4A500B26BADB}.Debug|Any CPU.ActiveCfg = Debug|Any CPU
		{662870A3-607B-486D-F481-4A500B26BADB}.Debug|Any CPU.Build.0 = Debug|Any CPU
		{662870A3-607B-486D-F481-4A500B26BADB}.Release|Any CPU.ActiveCfg = Release|Any CPU
		{662870A3-607B-486D-F481-4A500B26BADB}.Release|Any CPU.Build.0 = Release|Any CPU
		{414D87AC-0E48-763C-3EB7-92020B81BE87}.Debug|Any CPU.ActiveCfg = Debug|Any CPU
		{414D87AC-0E48-763C-3EB7-92020B81BE87}.Debug|Any CPU.Build.0 = Debug|Any CPU
		{414D87AC-0E48-763C-3EB7-92020B81BE87}.Release|Any CPU.ActiveCfg = Release|Any CPU
		{414D87AC-0E48-763C-3EB7-92020B81BE87}.Release|Any CPU.Build.0 = Release|Any CPU
		{B7985D20-D245-C1E9-CA8C-0659D7104E06}.Debug|Any CPU.ActiveCfg = Debug|Any CPU
		{B7985D20-D245-C1E9-CA8C-0659D7104E06}.Debug|Any CPU.Build.0 = Debug|Any CPU
		{B7985D20-D245-C1E9-CA8C-0659D7104E06}.Release|Any CPU.ActiveCfg = Release|Any CPU
		{B7985D20-D245-C1E9-CA8C-0659D7104E06}.Release|Any CPU.Build.0 = Release|Any CPU
	EndGlobalSection
	GlobalSection(SolutionProperties) = preSolution
		HideSolutionNode = FALSE
	EndGlobalSection
	GlobalSection(ExtensibilityGlobals) = postSolution
		SolutionGuid = {34411833-267A-431F-B1E4-6273A727E92C}
	EndGlobalSection
EndGlobal
